// !$*UTF8*$!
{
	archiveVersion = 1;
	classes = {
	};
	objectVersion = 48;
	objects = {

/* Begin PBXBuildFile section */
		D33F66CA1F868DAF0074D680 /* AppDelegate.swift in Sources */ = {isa = PBXBuildFile; fileRef = D33F66C91F868DAF0074D680 /* AppDelegate.swift */; };
		D33F66CF1F868DB00074D680 /* Main.storyboard in Resources */ = {isa = PBXBuildFile; fileRef = D33F66CD1F868DB00074D680 /* Main.storyboard */; };
		D33F66D11F868DB00074D680 /* Assets.xcassets in Resources */ = {isa = PBXBuildFile; fileRef = D33F66D01F868DB00074D680 /* Assets.xcassets */; };
		D33F66D41F868DB00074D680 /* LaunchScreen.storyboard in Resources */ = {isa = PBXBuildFile; fileRef = D33F66D21F868DB00074D680 /* LaunchScreen.storyboard */; };
		D33F66E11F8692FF0074D680 /* Survey.swift in Sources */ = {isa = PBXBuildFile; fileRef = D33F66E01F8692FF0074D680 /* Survey.swift */; };
		D33F66E31F869E400074D680 /* EmojiController.swift in Sources */ = {isa = PBXBuildFile; fileRef = D33F66E21F869E400074D680 /* EmojiController.swift */; };
/* End PBXBuildFile section */

/* Begin PBXFileReference section */
		D33F66C61F868DAF0074D680 /* surveypart2.app */ = {isa = PBXFileReference; explicitFileType = wrapper.application; includeInIndex = 0; path = surveypart2.app; sourceTree = BUILT_PRODUCTS_DIR; };
		D33F66C91F868DAF0074D680 /* AppDelegate.swift */ = {isa = PBXFileReference; lastKnownFileType = sourcecode.swift; path = AppDelegate.swift; sourceTree = "<group>"; };
		D33F66CE1F868DB00074D680 /* Base */ = {isa = PBXFileReference; lastKnownFileType = file.storyboard; name = Base; path = Base.lproj/Main.storyboard; sourceTree = "<group>"; };
		D33F66D01F868DB00074D680 /* Assets.xcassets */ = {isa = PBXFileReference; lastKnownFileType = folder.assetcatalog; path = Assets.xcassets; sourceTree = "<group>"; };
		D33F66D31F868DB00074D680 /* Base */ = {isa = PBXFileReference; lastKnownFileType = file.storyboard; name = Base; path = Base.lproj/LaunchScreen.storyboard; sourceTree = "<group>"; };
		D33F66D51F868DB00074D680 /* Info.plist */ = {isa = PBXFileReference; lastKnownFileType = text.plist.xml; path = Info.plist; sourceTree = "<group>"; };
		D33F66E01F8692FF0074D680 /* Survey.swift */ = {isa = PBXFileReference; lastKnownFileType = sourcecode.swift; path = Survey.swift; sourceTree = "<group>"; };
		D33F66E21F869E400074D680 /* EmojiController.swift */ = {isa = PBXFileReference; lastKnownFileType = sourcecode.swift; path = EmojiController.swift; sourceTree = "<group>"; };
/* End PBXFileReference section */

/* Begin PBXFrameworksBuildPhase section */
		D33F66C31F868DAF0074D680 /* Frameworks */ = {
			isa = PBXFrameworksBuildPhase;
			buildActionMask = 2147483647;
			files = (
			);
			runOnlyForDeploymentPostprocessing = 0;
		};
/* End PBXFrameworksBuildPhase section */

/* Begin PBXGroup section */
		D33F66BD1F868DAF0074D680 = {
			isa = PBXGroup;
			children = (
				D33F66C81F868DAF0074D680 /* surveypart2 */,
				D33F66C71F868DAF0074D680 /* Products */,
			);
			sourceTree = "<group>";
		};
		D33F66C71F868DAF0074D680 /* Products */ = {
			isa = PBXGroup;
			children = (
				D33F66C61F868DAF0074D680 /* surveypart2.app */,
			);
			name = Products;
			sourceTree = "<group>";
		};
		D33F66C81F868DAF0074D680 /* surveypart2 */ = {
			isa = PBXGroup;
			children = (
				D33F66DE1F86925B0074D680 /* UI */,
				D33F66DD1F8692530074D680 /* view controller */,
				D33F66DC1F86924C0074D680 /* model controller */,
				D33F66DB1F8692490074D680 /* model */,
				D33F66C91F868DAF0074D680 /* AppDelegate.swift */,
				D33F66D01F868DB00074D680 /* Assets.xcassets */,
				D33F66D51F868DB00074D680 /* Info.plist */,
			);
			path = surveypart2;
			sourceTree = "<group>";
		};
		D33F66DB1F8692490074D680 /* model */ = {
			isa = PBXGroup;
			children = (
				D33F66E01F8692FF0074D680 /* Survey.swift */,
			);
			path = model;
			sourceTree = "<group>";
		};
		D33F66DC1F86924C0074D680 /* model controller */ = {
			isa = PBXGroup;
			children = (
				D33F66E21F869E400074D680 /* EmojiController.swift */,
			);
			path = "model controller";
			sourceTree = "<group>";
		};
		D33F66DD1F8692530074D680 /* view controller */ = {
			isa = PBXGroup;
			children = (
			);
			path = "view controller";
			sourceTree = "<group>";
		};
		D33F66DE1F86925B0074D680 /* UI */ = {
			isa = PBXGroup;
			children = (
				D33F66CD1F868DB00074D680 /* Main.storyboard */,
				D33F66D21F868DB00074D680 /* LaunchScreen.storyboard */,
			);
			path = UI;
			sourceTree = "<group>";
		};
/* End PBXGroup section */

/* Begin PBXNativeTarget section */
		D33F66C51F868DAF0074D680 /* surveypart2 */ = {
			isa = PBXNativeTarget;
			buildConfigurationList = D33F66D81F868DB00074D680 /* Build configuration list for PBXNativeTarget "surveypart2" */;
			buildPhases = (
				D33F66C21F868DAF0074D680 /* Sources */,
				D33F66C31F868DAF0074D680 /* Frameworks */,
				D33F66C41F868DAF0074D680 /* Resources */,
			);
			buildRules = (
			);
			dependencies = (
			);
			name = surveypart2;
			productName = surveypart2;
			productReference = D33F66C61F868DAF0074D680 /* surveypart2.app */;
			productType = "com.apple.product-type.application";
		};
/* End PBXNativeTarget section */

/* Begin PBXProject section */
		D33F66BE1F868DAF0074D680 /* Project object */ = {
			isa = PBXProject;
			attributes = {
				LastSwiftUpdateCheck = 0900;
				LastUpgradeCheck = 0900;
				ORGANIZATIONNAME = "Brian Licea";
				TargetAttributes = {
					D33F66C51F868DAF0074D680 = {
						CreatedOnToolsVersion = 9.0;
						ProvisioningStyle = Automatic;
					};
				};
			};
			buildConfigurationList = D33F66C11F868DAF0074D680 /* Build configuration list for PBXProject "surveypart2" */;
			compatibilityVersion = "Xcode 8.0";
			developmentRegion = en;
			hasScannedForEncodings = 0;
			knownRegions = (
				en,
				Base,
			);
			mainGroup = D33F66BD1F868DAF0074D680;
			productRefGroup = D33F66C71F868DAF0074D680 /* Products */;
			projectDirPath = "";
			projectRoot = "";
			targets = (
				D33F66C51F868DAF0074D680 /* surveypart2 */,
			);
		};
/* End PBXProject section */

/* Begin PBXResourcesBuildPhase section */
		D33F66C41F868DAF0074D680 /* Resources */ = {
			isa = PBXResourcesBuildPhase;
			buildActionMask = 2147483647;
			files = (
				D33F66D41F868DB00074D680 /* LaunchScreen.storyboard in Resources */,
				D33F66D11F868DB00074D680 /* Assets.xcassets in Resources */,
				D33F66CF1F868DB00074D680 /* Main.storyboard in Resources */,
			);
			runOnlyForDeploymentPostprocessing = 0;
		};
/* End PBXResourcesBuildPhase section */

/* Begin PBXSourcesBuildPhase section */
		D33F66C21F868DAF0074D680 /* Sources */ = {
			isa = PBXSourcesBuildPhase;
			buildActionMask = 2147483647;
			files = (
				D33F66CA1F868DAF0074D680 /* AppDelegate.swift in Sources */,
				D33F66E11F8692FF0074D680 /* Survey.swift in Sources */,
				D33F66E31F869E400074D680 /* EmojiController.swift in Sources */,
			);
			runOnlyForDeploymentPostprocessing = 0;
		};
/* End PBXSourcesBuildPhase section */

/* Begin PBXVariantGroup section */
		D33F66CD1F868DB00074D680 /* Main.storyboard */ = {
			isa = PBXVariantGroup;
			children = (
				D33F66CE1F868DB00074D680 /* Base */,
			);
			name = Main.storyboard;
			sourceTree = "<group>";
		};
		D33F66D21F868DB00074D680 /* LaunchScreen.storyboard */ = {
			isa = PBXVariantGroup;
			children = (
				D33F66D31F868DB00074D680 /* Base */,
			);
			name = LaunchScreen.storyboard;
			sourceTree = "<group>";
		};
/* End PBXVariantGroup section */

/* Begin XCBuildConfiguration section */
		D33F66D61F868DB00074D680 /* Debug */ = {
			isa = XCBuildConfiguration;
			buildSettings = {
				ALWAYS_SEARCH_USER_PATHS = NO;
				CLANG_ANALYZER_NONNULL = YES;
				CLANG_ANALYZER_NUMBER_OBJECT_CONVERSION = YES_AGGRESSIVE;
				CLANG_CXX_LANGUAGE_STANDARD = "gnu++14";
				CLANG_CXX_LIBRARY = "libc++";
				CLANG_ENABLE_MODULES = YES;
				CLANG_ENABLE_OBJC_ARC = YES;
				CLANG_WARN_BLOCK_CAPTURE_AUTORELEASING = YES;
				CLANG_WARN_BOOL_CONVERSION = YES;
				CLANG_WARN_COMMA = YES;
				CLANG_WARN_CONSTANT_CONVERSION = YES;
				CLANG_WARN_DIRECT_OBJC_ISA_USAGE = YES_ERROR;
				CLANG_WARN_DOCUMENTATION_COMMENTS = YES;
				CLANG_WARN_EMPTY_BODY = YES;
				CLANG_WARN_ENUM_CONVERSION = YES;
				CLANG_WARN_INFINITE_RECURSION = YES;
				CLANG_WARN_INT_CONVERSION = YES;
				CLANG_WARN_NON_LITERAL_NULL_CONVERSION = YES;
				CLANG_WARN_OBJC_LITERAL_CONVERSION = YES;
				CLANG_WARN_OBJC_ROOT_CLASS = YES_ERROR;
				CLANG_WARN_RANGE_LOOP_ANALYSIS = YES;
				CLANG_WARN_STRICT_PROTOTYPES = YES;
				CLANG_WARN_SUSPICIOUS_MOVE = YES;
				CLANG_WARN_UNGUARDED_AVAILABILITY = YES_AGGRESSIVE;
				CLANG_WARN_UNREACHABLE_CODE = YES;
				CLANG_WARN__DUPLICATE_METHOD_MATCH = YES;
				CODE_SIGN_IDENTITY = "iPhone Developer";
				COPY_PHASE_STRIP = NO;
				DEBUG_INFORMATION_FORMAT = dwarf;
				ENABLE_STRICT_OBJC_MSGSEND = YES;
				ENABLE_TESTABILITY = YES;
				GCC_C_LANGUAGE_STANDARD = gnu11;
				GCC_DYNAMIC_NO_PIC = NO;
				GCC_NO_COMMON_BLOCKS = YES;
				GCC_OPTIMIZATION_LEVEL = 0;
				GCC_PREPROCESSOR_DEFINITIONS = (
					"DEBUG=1",
					"$(inherited)",
				);
				GCC_WARN_64_TO_32_BIT_CONVERSION = YES;
				GCC_WARN_ABOUT_RETURN_TYPE = YES_ERROR;
				GCC_WARN_UNDECLARED_SELECTOR = YES;
				GCC_WARN_UNINITIALIZED_AUTOS = YES_AGGRESSIVE;
				GCC_WARN_UNUSED_FUNCTION = YES;
				GCC_WARN_UNUSED_VARIABLE = YES;
				IPHONEOS_DEPLOYMENT_TARGET = 11.0;
				MTL_ENABLE_DEBUG_INFO = YES;
				ONLY_ACTIVE_ARCH = YES;
				SDKROOT = iphoneos;
				SWIFT_ACTIVE_COMPILATION_CONDITIONS = DEBUG;
				SWIFT_OPTIMIZATION_LEVEL = "-Onone";
			};
			name = Debug;
		};
		D33F66D71F868DB00074D680 /* Release */ = {
			isa = XCBuildConfiguration;
			buildSettings = {
				ALWAYS_SEARCH_USER_PATHS = NO;
				CLANG_ANALYZER_NONNULL = YES;
				CLANG_ANALYZER_NUMBER_OBJECT_CONVERSION = YES_AGGRESSIVE;
				CLANG_CXX_LANGUAGE_STANDARD = "gnu++14";
				CLANG_CXX_LIBRARY = "libc++";
				CLANG_ENABLE_MODULES = YES;
				CLANG_ENABLE_OBJC_ARC = YES;
				CLANG_WARN_BLOCK_CAPTURE_AUTORELEASING = YES;
				CLANG_WARN_BOOL_CONVERSION = YES;
				CLANG_WARN_COMMA = YES;
				CLANG_WARN_CONSTANT_CONVERSION = YES;
				CLANG_WARN_DIRECT_OBJC_ISA_USAGE = YES_ERROR;
				CLANG_WARN_DOCUMENTATION_COMMENTS = YES;
				CLANG_WARN_EMPTY_BODY = YES;
				CLANG_WARN_ENUM_CONVERSION = YES;
				CLANG_WARN_INFINITE_RECURSION = YES;
				CLANG_WARN_INT_CONVERSION = YES;
				CLANG_WARN_NON_LITERAL_NULL_CONVERSION = YES;
				CLANG_WARN_OBJC_LITERAL_CONVERSION = YES;
				CLANG_WARN_OBJC_ROOT_CLASS = YES_ERROR;
				CLANG_WARN_RANGE_LOOP_ANALYSIS = YES;
				CLANG_WARN_STRICT_PROTOTYPES = YES;
				CLANG_WARN_SUSPICIOUS_MOVE = YES;
				CLANG_WARN_UNGUARDED_AVAILABILITY = YES_AGGRESSIVE;
				CLANG_WARN_UNREACHABLE_CODE = YES;
				CLANG_WARN__DUPLICATE_METHOD_MATCH = YES;
				CODE_SIGN_IDENTITY = "iPhone Developer";
				COPY_PHASE_STRIP = NO;
				DEBUG_INFORMATION_FORMAT = "dwarf-with-dsym";
				ENABLE_NS_ASSERTIONS = NO;
				ENABLE_STRICT_OBJC_MSGSEND = YES;
				GCC_C_LANGUAGE_STANDARD = gnu11;
				GCC_NO_COMMON_BLOCKS = YES;
				GCC_WARN_64_TO_32_BIT_CONVERSION = YES;
				GCC_WARN_ABOUT_RETURN_TYPE = YES_ERROR;
				GCC_WARN_UNDECLARED_SELECTOR = YES;
				GCC_WARN_UNINITIALIZED_AUTOS = YES_AGGRESSIVE;
				GCC_WARN_UNUSED_FUNCTION = YES;
				GCC_WARN_UNUSED_VARIABLE = YES;
				IPHONEOS_DEPLOYMENT_TARGET = 11.0;
				MTL_ENABLE_DEBUG_INFO = NO;
				SDKROOT = iphoneos;
				SWIFT_OPTIMIZATION_LEVEL = "-Owholemodule";
				VALIDATE_PRODUCT = YES;
			};
			name = Release;
		};
		D33F66D91F868DB00074D680 /* Debug */ = {
			isa = XCBuildConfiguration;
			buildSettings = {
				ASSETCATALOG_COMPILER_APPICON_NAME = AppIcon;
				CODE_SIGN_STYLE = Automatic;
				DEVELOPMENT_TEAM = 27CK957U72;
				INFOPLIST_FILE = surveypart2/Info.plist;
				LD_RUNPATH_SEARCH_PATHS = "$(inherited) @executable_path/Frameworks";
				PRODUCT_BUNDLE_IDENTIFIER = com.example.surveypart2;
				PRODUCT_NAME = "$(TARGET_NAME)";
				SWIFT_VERSION = 4.0;
				TARGETED_DEVICE_FAMILY = "1,2";
			};
			name = Debug;
		};
		D33F66DA1F868DB00074D680 /* Release */ = {
			isa = XCBuildConfiguration;
			buildSettings = {
				ASSETCATALOG_COMPILER_APPICON_NAME = AppIcon;
				CODE_SIGN_STYLE = Automatic;
				DEVELOPMENT_TEAM = 27CK957U72;
				INFOPLIST_FILE = surveypart2/Info.plist;
				LD_RUNPATH_SEARCH_PATHS = "$(inherited) @executable_path/Frameworks";
				PRODUCT_BUNDLE_IDENTIFIER = com.example.surveypart2;
				PRODUCT_NAME = "$(TARGET_NAME)";
				SWIFT_VERSION = 4.0;
				TARGETED_DEVICE_FAMILY = "1,2";
			};
			name = Release;
		};
/* End XCBuildConfiguration section */

/* Begin XCConfigurationList section */
		D33F66C11F868DAF0074D680 /* Build configuration list for PBXProject "surveypart2" */ = {
			isa = XCConfigurationList;
			buildConfigurations = (
				D33F66D61F868DB00074D680 /* Debug */,
				D33F66D71F868DB00074D680 /* Release */,
			);
			defaultConfigurationIsVisible = 0;
			defaultConfigurationName = Release;
		};
		D33F66D81F868DB00074D680 /* Build configuration list for PBXNativeTarget "surveypart2" */ = {
			isa = XCConfigurationList;
			buildConfigurations = (
				D33F66D91F868DB00074D680 /* Debug */,
				D33F66DA1F868DB00074D680 /* Release */,
			);
			defaultConfigurationIsVisible = 0;
			defaultConfigurationName = Release;
		};
/* End XCConfigurationList section */
	};
	rootObject = D33F66BE1F868DAF0074D680 /* Project object */;
}
